// !$*UTF8*$!
{
	archiveVersion = 1;
	classes = {
	};
	objectVersion = 50;
	objects = {

/* Begin PBXBuildFile section */
		D115DBA1217A316F00228076 /* AppDelegate.swift in Sources */ = {isa = PBXBuildFile; fileRef = D115DBA0217A316F00228076 /* AppDelegate.swift */; };
		D115DBA3217A316F00228076 /* ViewController.swift in Sources */ = {isa = PBXBuildFile; fileRef = D115DBA2217A316F00228076 /* ViewController.swift */; };
		D115DBA6217A316F00228076 /* Main.storyboard in Resources */ = {isa = PBXBuildFile; fileRef = D115DBA4217A316F00228076 /* Main.storyboard */; };
		D115DBA8217A317100228076 /* Assets.xcassets in Resources */ = {isa = PBXBuildFile; fileRef = D115DBA7217A317100228076 /* Assets.xcassets */; };
		D115DBAB217A317100228076 /* LaunchScreen.storyboard in Resources */ = {isa = PBXBuildFile; fileRef = D115DBA9217A317100228076 /* LaunchScreen.storyboard */; };
		D115DBB6217A317100228076 /* canvasTests.swift in Sources */ = {isa = PBXBuildFile; fileRef = D115DBB5217A317100228076 /* canvasTests.swift */; };
		D115DBC1217A317100228076 /* canvasUITests.swift in Sources */ = {isa = PBXBuildFile; fileRef = D115DBC0217A317100228076 /* canvasUITests.swift */; };
/* End PBXBuildFile section */

/* Begin PBXContainerItemProxy section */
		D115DBB2217A317100228076 /* PBXContainerItemProxy */ = {
			isa = PBXContainerItemProxy;
			containerPortal = D115DB95217A316F00228076 /* Project object */;
			proxyType = 1;
			remoteGlobalIDString = D115DB9C217A316F00228076;
			remoteInfo = canvas;
		};
		D115DBBD217A317100228076 /* PBXContainerItemProxy */ = {
			isa = PBXContainerItemProxy;
			containerPortal = D115DB95217A316F00228076 /* Project object */;
			proxyType = 1;
			remoteGlobalIDString = D115DB9C217A316F00228076;
			remoteInfo = canvas;
		};
/* End PBXContainerItemProxy section */

/* Begin PBXFileReference section */
		D115DB9D217A316F00228076 /* canvas.app */ = {isa = PBXFileReference; explicitFileType = wrapper.application; includeInIndex = 0; path = canvas.app; sourceTree = BUILT_PRODUCTS_DIR; };
		D115DBA0217A316F00228076 /* AppDelegate.swift */ = {isa = PBXFileReference; lastKnownFileType = sourcecode.swift; path = AppDelegate.swift; sourceTree = "<group>"; };
		D115DBA2217A316F00228076 /* ViewController.swift */ = {isa = PBXFileReference; lastKnownFileType = sourcecode.swift; path = ViewController.swift; sourceTree = "<group>"; };
		D115DBA5217A316F00228076 /* Base */ = {isa = PBXFileReference; lastKnownFileType = file.storyboard; name = Base; path = Base.lproj/Main.storyboard; sourceTree = "<group>"; };
		D115DBA7217A317100228076 /* Assets.xcassets */ = {isa = PBXFileReference; lastKnownFileType = folder.assetcatalog; path = Assets.xcassets; sourceTree = "<group>"; };
		D115DBAA217A317100228076 /* Base */ = {isa = PBXFileReference; lastKnownFileType = file.storyboard; name = Base; path = Base.lproj/LaunchScreen.storyboard; sourceTree = "<group>"; };
		D115DBAC217A317100228076 /* Info.plist */ = {isa = PBXFileReference; lastKnownFileType = text.plist.xml; path = Info.plist; sourceTree = "<group>"; };
		D115DBB1217A317100228076 /* canvasTests.xctest */ = {isa = PBXFileReference; explicitFileType = wrapper.cfbundle; includeInIndex = 0; path = canvasTests.xctest; sourceTree = BUILT_PRODUCTS_DIR; };
		D115DBB5217A317100228076 /* canvasTests.swift */ = {isa = PBXFileReference; lastKnownFileType = sourcecode.swift; path = canvasTests.swift; sourceTree = "<group>"; };
		D115DBB7217A317100228076 /* Info.plist */ = {isa = PBXFileReference; lastKnownFileType = text.plist.xml; path = Info.plist; sourceTree = "<group>"; };
		D115DBBC217A317100228076 /* canvasUITests.xctest */ = {isa = PBXFileReference; explicitFileType = wrapper.cfbundle; includeInIndex = 0; path = canvasUITests.xctest; sourceTree = BUILT_PRODUCTS_DIR; };
		D115DBC0217A317100228076 /* canvasUITests.swift */ = {isa = PBXFileReference; lastKnownFileType = sourcecode.swift; path = canvasUITests.swift; sourceTree = "<group>"; };
		D115DBC2217A317100228076 /* Info.plist */ = {isa = PBXFileReference; lastKnownFileType = text.plist.xml; path = Info.plist; sourceTree = "<group>"; };
/* End PBXFileReference section */

/* Begin PBXFrameworksBuildPhase section */
		D115DB9A217A316F00228076 /* Frameworks */ = {
			isa = PBXFrameworksBuildPhase;
			buildActionMask = 2147483647;
			files = (
			);
			runOnlyForDeploymentPostprocessing = 0;
		};
		D115DBAE217A317100228076 /* Frameworks */ = {
			isa = PBXFrameworksBuildPhase;
			buildActionMask = 2147483647;
			files = (
			);
			runOnlyForDeploymentPostprocessing = 0;
		};
		D115DBB9217A317100228076 /* Frameworks */ = {
			isa = PBXFrameworksBuildPhase;
			buildActionMask = 2147483647;
			files = (
			);
			runOnlyForDeploymentPostprocessing = 0;
		};
/* End PBXFrameworksBuildPhase section */

/* Begin PBXGroup section */
		D115DB94217A316E00228076 = {
			isa = PBXGroup;
			children = (
				D115DB9F217A316F00228076 /* canvas */,
				D115DBB4217A317100228076 /* canvasTests */,
				D115DBBF217A317100228076 /* canvasUITests */,
				D115DB9E217A316F00228076 /* Products */,
			);
			sourceTree = "<group>";
		};
		D115DB9E217A316F00228076 /* Products */ = {
			isa = PBXGroup;
			children = (
				D115DB9D217A316F00228076 /* canvas.app */,
				D115DBB1217A317100228076 /* canvasTests.xctest */,
				D115DBBC217A317100228076 /* canvasUITests.xctest */,
			);
			name = Products;
			sourceTree = "<group>";
		};
		D115DB9F217A316F00228076 /* canvas */ = {
			isa = PBXGroup;
			children = (
				D115DBA0217A316F00228076 /* AppDelegate.swift */,
				D115DBA2217A316F00228076 /* ViewController.swift */,
				D115DBA4217A316F00228076 /* Main.storyboard */,
				D115DBA7217A317100228076 /* Assets.xcassets */,
				D115DBA9217A317100228076 /* LaunchScreen.storyboard */,
				D115DBAC217A317100228076 /* Info.plist */,
			);
			path = canvas;
			sourceTree = "<group>";
		};
		D115DBB4217A317100228076 /* canvasTests */ = {
			isa = PBXGroup;
			children = (
				D115DBB5217A317100228076 /* canvasTests.swift */,
				D115DBB7217A317100228076 /* Info.plist */,
			);
			path = canvasTests;
			sourceTree = "<group>";
		};
		D115DBBF217A317100228076 /* canvasUITests */ = {
			isa = PBXGroup;
			children = (
				D115DBC0217A317100228076 /* canvasUITests.swift */,
				D115DBC2217A317100228076 /* Info.plist */,
			);
			path = canvasUITests;
			sourceTree = "<group>";
		};
/* End PBXGroup section */

/* Begin PBXNativeTarget section */
		D115DB9C217A316F00228076 /* canvas */ = {
			isa = PBXNativeTarget;
			buildConfigurationList = D115DBC5217A317100228076 /* Build configuration list for PBXNativeTarget "canvas" */;
			buildPhases = (
				D115DB99217A316F00228076 /* Sources */,
				D115DB9A217A316F00228076 /* Frameworks */,
				D115DB9B217A316F00228076 /* Resources */,
			);
			buildRules = (
			);
			dependencies = (
			);
			name = canvas;
			productName = canvas;
			productReference = D115DB9D217A316F00228076 /* canvas.app */;
			productType = "com.apple.product-type.application";
		};
		D115DBB0217A317100228076 /* canvasTests */ = {
			isa = PBXNativeTarget;
			buildConfigurationList = D115DBC8217A317100228076 /* Build configuration list for PBXNativeTarget "canvasTests" */;
			buildPhases = (
				D115DBAD217A317100228076 /* Sources */,
				D115DBAE217A317100228076 /* Frameworks */,
				D115DBAF217A317100228076 /* Resources */,
			);
			buildRules = (
			);
			dependencies = (
				D115DBB3217A317100228076 /* PBXTargetDependency */,
			);
			name = canvasTests;
			productName = canvasTests;
			productReference = D115DBB1217A317100228076 /* canvasTests.xctest */;
			productType = "com.apple.product-type.bundle.unit-test";
		};
		D115DBBB217A317100228076 /* canvasUITests */ = {
			isa = PBXNativeTarget;
			buildConfigurationList = D115DBCB217A317100228076 /* Build configuration list for PBXNativeTarget "canvasUITests" */;
			buildPhases = (
				D115DBB8217A317100228076 /* Sources */,
				D115DBB9217A317100228076 /* Frameworks */,
				D115DBBA217A317100228076 /* Resources */,
			);
			buildRules = (
			);
			dependencies = (
				D115DBBE217A317100228076 /* PBXTargetDependency */,
			);
			name = canvasUITests;
			productName = canvasUITests;
			productReference = D115DBBC217A317100228076 /* canvasUITests.xctest */;
			productType = "com.apple.product-type.bundle.ui-testing";
		};
/* End PBXNativeTarget section */

/* Begin PBXProject section */
		D115DB95217A316F00228076 /* Project object */ = {
			isa = PBXProject;
			attributes = {
				LastSwiftUpdateCheck = 1000;
				LastUpgradeCheck = 1000;
				ORGANIZATIONNAME = "Brandon Shimizu";
				TargetAttributes = {
					D115DB9C217A316F00228076 = {
						CreatedOnToolsVersion = 10.0;
					};
					D115DBB0217A317100228076 = {
						CreatedOnToolsVersion = 10.0;
						TestTargetID = D115DB9C217A316F00228076;
					};
					D115DBBB217A317100228076 = {
						CreatedOnToolsVersion = 10.0;
						TestTargetID = D115DB9C217A316F00228076;
					};
				};
			};
			buildConfigurationList = D115DB98217A316F00228076 /* Build configuration list for PBXProject "canvas" */;
			compatibilityVersion = "Xcode 9.3";
			developmentRegion = en;
			hasScannedForEncodings = 0;
			knownRegions = (
				en,
				Base,
			);
			mainGroup = D115DB94217A316E00228076;
			productRefGroup = D115DB9E217A316F00228076 /* Products */;
			projectDirPath = "";
			projectRoot = "";
			targets = (
				D115DB9C217A316F00228076 /* canvas */,
				D115DBB0217A317100228076 /* canvasTests */,
				D115DBBB217A317100228076 /* canvasUITests */,
			);
		};
/* End PBXProject section */

/* Begin PBXResourcesBuildPhase section */
		D115DB9B217A316F00228076 /* Resources */ = {
			isa = PBXResourcesBuildPhase;
			buildActionMask = 2147483647;
			files = (
				D115DBAB217A317100228076 /* LaunchScreen.storyboard in Resources */,
				D115DBA8217A317100228076 /* Assets.xcassets in Resources */,
				D115DBA6217A316F00228076 /* Main.storyboard in Resources */,
			);
			runOnlyForDeploymentPostprocessing = 0;
		};
		D115DBAF217A317100228076 /* Resources */ = {
			isa = PBXResourcesBuildPhase;
			buildActionMask = 2147483647;
			files = (
			);
			runOnlyForDeploymentPostprocessing = 0;
		};
		D115DBBA217A317100228076 /* Resources */ = {
			isa = PBXResourcesBuildPhase;
			buildActionMask = 2147483647;
			files = (
			);
			runOnlyForDeploymentPostprocessing = 0;
		};
/* End PBXResourcesBuildPhase section */

/* Begin PBXSourcesBuildPhase section */
		D115DB99217A316F00228076 /* Sources */ = {
			isa = PBXSourcesBuildPhase;
			buildActionMask = 2147483647;
			files = (
				D115DBA3217A316F00228076 /* ViewController.swift in Sources */,
				D115DBA1217A316F00228076 /* AppDelegate.swift in Sources */,
			);
			runOnlyForDeploymentPostprocessing = 0;
		};
		D115DBAD217A317100228076 /* Sources */ = {
			isa = PBXSourcesBuildPhase;
			buildActionMask = 2147483647;
			files = (
				D115DBB6217A317100228076 /* canvasTests.swift in Sources */,
			);
			runOnlyForDeploymentPostprocessing = 0;
		};
		D115DBB8217A317100228076 /* Sources */ = {
			isa = PBXSourcesBuildPhase;
			buildActionMask = 2147483647;
			files = (
				D115DBC1217A317100228076 /* canvasUITests.swift in Sources */,
			);
			runOnlyForDeploymentPostprocessing = 0;
		};
/* End PBXSourcesBuildPhase section */

/* Begin PBXTargetDependency section */
		D115DBB3217A317100228076 /* PBXTargetDependency */ = {
			isa = PBXTargetDependency;
			target = D115DB9C217A316F00228076 /* canvas */;
			targetProxy = D115DBB2217A317100228076 /* PBXContainerItemProxy */;
		};
		D115DBBE217A317100228076 /* PBXTargetDependency */ = {
			isa = PBXTargetDependency;
			target = D115DB9C217A316F00228076 /* canvas */;
			targetProxy = D115DBBD217A317100228076 /* PBXContainerItemProxy */;
		};
/* End PBXTargetDependency section */

/* Begin PBXVariantGroup section */
		D115DBA4217A316F00228076 /* Main.storyboard */ = {
			isa = PBXVariantGroup;
			children = (
				D115DBA5217A316F00228076 /* Base */,
			);
			name = Main.storyboard;
			sourceTree = "<group>";
		};
		D115DBA9217A317100228076 /* LaunchScreen.storyboard */ = {
			isa = PBXVariantGroup;
			children = (
				D115DBAA217A317100228076 /* Base */,
			);
			name = LaunchScreen.storyboard;
			sourceTree = "<group>";
		};
/* End PBXVariantGroup section */

/* Begin XCBuildConfiguration section */
		D115DBC3217A317100228076 /* Debug */ = {
			isa = XCBuildConfiguration;
			buildSettings = {
				ALWAYS_SEARCH_USER_PATHS = NO;
				CLANG_ANALYZER_NONNULL = YES;
				CLANG_ANALYZER_NUMBER_OBJECT_CONVERSION = YES_AGGRESSIVE;
				CLANG_CXX_LANGUAGE_STANDARD = "gnu++14";
				CLANG_CXX_LIBRARY = "libc++";
				CLANG_ENABLE_MODULES = YES;
				CLANG_ENABLE_OBJC_ARC = YES;
				CLANG_ENABLE_OBJC_WEAK = YES;
				CLANG_WARN_BLOCK_CAPTURE_AUTORELEASING = YES;
				CLANG_WARN_BOOL_CONVERSION = YES;
				CLANG_WARN_COMMA = YES;
				CLANG_WARN_CONSTANT_CONVERSION = YES;
				CLANG_WARN_DEPRECATED_OBJC_IMPLEMENTATIONS = YES;
				CLANG_WARN_DIRECT_OBJC_ISA_USAGE = YES_ERROR;
				CLANG_WARN_DOCUMENTATION_COMMENTS = YES;
				CLANG_WARN_EMPTY_BODY = YES;
				CLANG_WARN_ENUM_CONVERSION = YES;
				CLANG_WARN_INFINITE_RECURSION = YES;
				CLANG_WARN_INT_CONVERSION = YES;
				CLANG_WARN_NON_LITERAL_NULL_CONVERSION = YES;
				CLANG_WARN_OBJC_IMPLICIT_RETAIN_SELF = YES;
				CLANG_WARN_OBJC_LITERAL_CONVERSION = YES;
				CLANG_WARN_OBJC_ROOT_CLASS = YES_ERROR;
				CLANG_WARN_RANGE_LOOP_ANALYSIS = YES;
				CLANG_WARN_STRICT_PROTOTYPES = YES;
				CLANG_WARN_SUSPICIOUS_MOVE = YES;
				CLANG_WARN_UNGUARDED_AVAILABILITY = YES_AGGRESSIVE;
				CLANG_WARN_UNREACHABLE_CODE = YES;
				CLANG_WARN__DUPLICATE_METHOD_MATCH = YES;
				CODE_SIGN_IDENTITY = "iPhone Developer";
				COPY_PHASE_STRIP = NO;
				DEBUG_INFORMATION_FORMAT = dwarf;
				ENABLE_STRICT_OBJC_MSGSEND = YES;
				ENABLE_TESTABILITY = YES;
				GCC_C_LANGUAGE_STANDARD = gnu11;
				GCC_DYNAMIC_NO_PIC = NO;
				GCC_NO_COMMON_BLOCKS = YES;
				GCC_OPTIMIZATION_LEVEL = 0;
				GCC_PREPROCESSOR_DEFINITIONS = (
					"DEBUG=1",
					"$(inherited)",
				);
				GCC_WARN_64_TO_32_BIT_CONVERSION = YES;
				GCC_WARN_ABOUT_RETURN_TYPE = YES_ERROR;
				GCC_WARN_UNDECLARED_SELECTOR = YES;
				GCC_WARN_UNINITIALIZED_AUTOS = YES_AGGRESSIVE;
				GCC_WARN_UNUSED_FUNCTION = YES;
				GCC_WARN_UNUSED_VARIABLE = YES;
				IPHONEOS_DEPLOYMENT_TARGET = 12.0;
				MTL_ENABLE_DEBUG_INFO = INCLUDE_SOURCE;
				MTL_FAST_MATH = YES;
				ONLY_ACTIVE_ARCH = YES;
				SDKROOT = iphoneos;
				SWIFT_ACTIVE_COMPILATION_CONDITIONS = DEBUG;
				SWIFT_OPTIMIZATION_LEVEL = "-Onone";
			};
			name = Debug;
		};
		D115DBC4217A317100228076 /* Release */ = {
			isa = XCBuildConfiguration;
			buildSettings = {
				ALWAYS_SEARCH_USER_PATHS = NO;
				CLANG_ANALYZER_NONNULL = YES;
				CLANG_ANALYZER_NUMBER_OBJECT_CONVERSION = YES_AGGRESSIVE;
				CLANG_CXX_LANGUAGE_STANDARD = "gnu++14";
				CLANG_CXX_LIBRARY = "libc++";
				CLANG_ENABLE_MODULES = YES;
				CLANG_ENABLE_OBJC_ARC = YES;
				CLANG_ENABLE_OBJC_WEAK = YES;
				CLANG_WARN_BLOCK_CAPTURE_AUTORELEASING = YES;
				CLANG_WARN_BOOL_CONVERSION = YES;
				CLANG_WARN_COMMA = YES;
				CLANG_WARN_CONSTANT_CONVERSION = YES;
				CLANG_WARN_DEPRECATED_OBJC_IMPLEMENTATIONS = YES;
				CLANG_WARN_DIRECT_OBJC_ISA_USAGE = YES_ERROR;
				CLANG_WARN_DOCUMENTATION_COMMENTS = YES;
				CLANG_WARN_EMPTY_BODY = YES;
				CLANG_WARN_ENUM_CONVERSION = YES;
				CLANG_WARN_INFINITE_RECURSION = YES;
				CLANG_WARN_INT_CONVERSION = YES;
				CLANG_WARN_NON_LITERAL_NULL_CONVERSION = YES;
				CLANG_WARN_OBJC_IMPLICIT_RETAIN_SELF = YES;
				CLANG_WARN_OBJC_LITERAL_CONVERSION = YES;
				CLANG_WARN_OBJC_ROOT_CLASS = YES_ERROR;
				CLANG_WARN_RANGE_LOOP_ANALYSIS = YES;
				CLANG_WARN_STRICT_PROTOTYPES = YES;
				CLANG_WARN_SUSPICIOUS_MOVE = YES;
				CLANG_WARN_UNGUARDED_AVAILABILITY = YES_AGGRESSIVE;
				CLANG_WARN_UNREACHABLE_CODE = YES;
				CLANG_WARN__DUPLICATE_METHOD_MATCH = YES;
				CODE_SIGN_IDENTITY = "iPhone Developer";
				COPY_PHASE_STRIP = NO;
				DEBUG_INFORMATION_FORMAT = "dwarf-with-dsym";
				ENABLE_NS_ASSERTIONS = NO;
				ENABLE_STRICT_OBJC_MSGSEND = YES;
				GCC_C_LANGUAGE_STANDARD = gnu11;
				GCC_NO_COMMON_BLOCKS = YES;
				GCC_WARN_64_TO_32_BIT_CONVERSION = YES;
				GCC_WARN_ABOUT_RETURN_TYPE = YES_ERROR;
				GCC_WARN_UNDECLARED_SELECTOR = YES;
				GCC_WARN_UNINITIALIZED_AUTOS = YES_AGGRESSIVE;
				GCC_WARN_UNUSED_FUNCTION = YES;
				GCC_WARN_UNUSED_VARIABLE = YES;
				IPHONEOS_DEPLOYMENT_TARGET = 12.0;
				MTL_ENABLE_DEBUG_INFO = NO;
				MTL_FAST_MATH = YES;
				SDKROOT = iphoneos;
				SWIFT_COMPILATION_MODE = wholemodule;
				SWIFT_OPTIMIZATION_LEVEL = "-O";
				VALIDATE_PRODUCT = YES;
			};
			name = Release;
		};
		D115DBC6217A317100228076 /* Debug */ = {
			isa = XCBuildConfiguration;
			buildSettings = {
				ASSETCATALOG_COMPILER_APPICON_NAME = AppIcon;
				CODE_SIGN_STYLE = Automatic;
				DEVELOPMENT_TEAM = 9W83V27F4X;
				INFOPLIST_FILE = canvas/Info.plist;
				LD_RUNPATH_SEARCH_PATHS = (
					"$(inherited)",
					"@executable_path/Frameworks",
				);
				PRODUCT_BUNDLE_IDENTIFIER = CSUMB.canvas;
				PRODUCT_NAME = "$(TARGET_NAME)";
				SWIFT_VERSION = 4.2;
				TARGETED_DEVICE_FAMILY = "1,2";
			};
			name = Debug;
		};
		D115DBC7217A317100228076 /* Release */ = {
			isa = XCBuildConfiguration;
			buildSettings = {
				ASSETCATALOG_COMPILER_APPICON_NAME = AppIcon;
				CODE_SIGN_STYLE = Automatic;
				DEVELOPMENT_TEAM = 9W83V27F4X;
				INFOPLIST_FILE = canvas/Info.plist;
				LD_RUNPATH_SEARCH_PATHS = (
					"$(inherited)",
					"@executable_path/Frameworks",
				);
				PRODUCT_BUNDLE_IDENTIFIER = CSUMB.canvas;
				PRODUCT_NAME = "$(TARGET_NAME)";
				SWIFT_VERSION = 4.2;
				TARGETED_DEVICE_FAMILY = "1,2";
			};
			name = Release;
		};
		D115DBC9217A317100228076 /* Debug */ = {
			isa = XCBuildConfiguration;
			buildSettings = {
				ALWAYS_EMBED_SWIFT_STANDARD_LIBRARIES = YES;
				BUNDLE_LOADER = "$(TEST_HOST)";
				CODE_SIGN_STYLE = Automatic;
				DEVELOPMENT_TEAM = 9W83V27F4X;
				INFOPLIST_FILE = canvasTests/Info.plist;
				LD_RUNPATH_SEARCH_PATHS = (
					"$(inherited)",
					"@executable_path/Frameworks",
					"@loader_path/Frameworks",
				);
				PRODUCT_BUNDLE_IDENTIFIER = CSUMB.canvasTests;
				PRODUCT_NAME = "$(TARGET_NAME)";
				SWIFT_VERSION = 4.2;
				TARGETED_DEVICE_FAMILY = "1,2";
				TEST_HOST = "$(BUILT_PRODUCTS_DIR)/canvas.app/canvas";
			};
			name = Debug;
		};
		D115DBCA217A317100228076 /* Release */ = {
			isa = XCBuildConfiguration;
			buildSettings = {
				ALWAYS_EMBED_SWIFT_STANDARD_LIBRARIES = YES;
				BUNDLE_LOADER = "$(TEST_HOST)";
				CODE_SIGN_STYLE = Automatic;
				DEVELOPMENT_TEAM = 9W83V27F4X;
				INFOPLIST_FILE = canvasTests/Info.plist;
				LD_RUNPATH_SEARCH_PATHS = (
					"$(inherited)",
					"@executable_path/Frameworks",
					"@loader_path/Frameworks",
				);
				PRODUCT_BUNDLE_IDENTIFIER = CSUMB.canvasTests;
				PRODUCT_NAME = "$(TARGET_NAME)";
				SWIFT_VERSION = 4.2;
				TARGETED_DEVICE_FAMILY = "1,2";
				TEST_HOST = "$(BUILT_PRODUCTS_DIR)/canvas.app/canvas";
			};
			name = Release;
		};
		D115DBCC217A317100228076 /* Debug */ = {
			isa = XCBuildConfiguration;
			buildSettings = {
				ALWAYS_EMBED_SWIFT_STANDARD_LIBRARIES = YES;
				CODE_SIGN_STYLE = Automatic;
				DEVELOPMENT_TEAM = 9W83V27F4X;
				INFOPLIST_FILE = canvasUITests/Info.plist;
				LD_RUNPATH_SEARCH_PATHS = (
					"$(inherited)",
					"@executable_path/Frameworks",
					"@loader_path/Frameworks",
				);
				PRODUCT_BUNDLE_IDENTIFIER = CSUMB.canvasUITests;
				PRODUCT_NAME = "$(TARGET_NAME)";
				SWIFT_VERSION = 4.2;
				TARGETED_DEVICE_FAMILY = "1,2";
				TEST_TARGET_NAME = canvas;
			};
			name = Debug;
		};
		D115DBCD217A317100228076 /* Release */ = {
			isa = XCBuildConfiguration;
			buildSettings = {
				ALWAYS_EMBED_SWIFT_STANDARD_LIBRARIES = YES;
				CODE_SIGN_STYLE = Automatic;
				DEVELOPMENT_TEAM = 9W83V27F4X;
				INFOPLIST_FILE = canvasUITests/Info.plist;
				LD_RUNPATH_SEARCH_PATHS = (
					"$(inherited)",
					"@executable_path/Frameworks",
					"@loader_path/Frameworks",
				);
				PRODUCT_BUNDLE_IDENTIFIER = CSUMB.canvasUITests;
				PRODUCT_NAME = "$(TARGET_NAME)";
				SWIFT_VERSION = 4.2;
				TARGETED_DEVICE_FAMILY = "1,2";
				TEST_TARGET_NAME = canvas;
			};
			name = Release;
		};
/* End XCBuildConfiguration section */

/* Begin XCConfigurationList section */
		D115DB98217A316F00228076 /* Build configuration list for PBXProject "canvas" */ = {
			isa = XCConfigurationList;
			buildConfigurations = (
				D115DBC3217A317100228076 /* Debug */,
				D115DBC4217A317100228076 /* Release */,
			);
			defaultConfigurationIsVisible = 0;
			defaultConfigurationName = Release;
		};
		D115DBC5217A317100228076 /* Build configuration list for PBXNativeTarget "canvas" */ = {
			isa = XCConfigurationList;
			buildConfigurations = (
				D115DBC6217A317100228076 /* Debug */,
				D115DBC7217A317100228076 /* Release */,
			);
			defaultConfigurationIsVisible = 0;
			defaultConfigurationName = Release;
		};
		D115DBC8217A317100228076 /* Build configuration list for PBXNativeTarget "canvasTests" */ = {
			isa = XCConfigurationList;
			buildConfigurations = (
				D115DBC9217A317100228076 /* Debug */,
				D115DBCA217A317100228076 /* Release */,
			);
			defaultConfigurationIsVisible = 0;
			defaultConfigurationName = Release;
		};
		D115DBCB217A317100228076 /* Build configuration list for PBXNativeTarget "canvasUITests" */ = {
			isa = XCConfigurationList;
			buildConfigurations = (
				D115DBCC217A317100228076 /* Debug */,
				D115DBCD217A317100228076 /* Release */,
			);
			defaultConfigurationIsVisible = 0;
			defaultConfigurationName = Release;
		};
/* End XCConfigurationList section */
	};
	rootObject = D115DB95217A316F00228076 /* Project object */;
}
